
Microsoft Visual Studio Solution File, Format Version 12.00
# Visual Studio Version 17
VisualStudioVersion = 17.5.33530.505
MinimumVisualStudioVersion = 10.0.40219.1
Project("{FAE04EC0-301F-11D3-BF4B-00C04F79EFBC}") = "clases parcial", "clases parcial\clases parcial.csproj", "{F2029E44-11A0-4C6E-9BCE-7C41918051D9}"
EndProject
Project("{FAE04EC0-301F-11D3-BF4B-00C04F79EFBC}") = "WinFormsRecu3", "WinFormsRecu3\WinFormsRecu3.csproj", "{CCB6C4E1-0516-4D01-9638-EE9AD1C7CE62}"
EndProject
Global
	GlobalSection(SolutionConfigurationPlatforms) = preSolution
		Debug|Any CPU = Debug|Any CPU
		Release|Any CPU = Release|Any CPU
	EndGlobalSection
	GlobalSection(ProjectConfigurationPlatforms) = postSolution
		{F2029E44-11A0-4C6E-9BCE-7C41918051D9}.Debug|Any CPU.ActiveCfg = Debug|Any CPU
		{F2029E44-11A0-4C6E-9BCE-7C41918051D9}.Debug|Any CPU.Build.0 = Debug|Any CPU
		{F2029E44-11A0-4C6E-9BCE-7C41918051D9}.Release|Any CPU.ActiveCfg = Release|Any CPU
		{F2029E44-11A0-4C6E-9BCE-7C41918051D9}.Release|Any CPU.Build.0 = Release|Any CPU
		{CCB6C4E1-0516-4D01-9638-EE9AD1C7CE62}.Debug|Any CPU.ActiveCfg = Debug|Any CPU
		{CCB6C4E1-0516-4D01-9638-EE9AD1C7CE62}.Debug|Any CPU.Build.0 = Debug|Any CPU
		{CCB6C4E1-0516-4D01-9638-EE9AD1C7CE62}.Release|Any CPU.ActiveCfg = Release|Any CPU
		{CCB6C4E1-0516-4D01-9638-EE9AD1C7CE62}.Release|Any CPU.Build.0 = Release|Any CPU
	EndGlobalSection
	GlobalSection(SolutionProperties) = preSolution
		HideSolutionNode = FALSE
	EndGlobalSection
	GlobalSection(ExtensibilityGlobals) = postSolution
		SolutionGuid = {793BAB3E-BC6C-4B86-BA52-CCB19BDB0C55}
	EndGlobalSection
EndGlobal
