
Microsoft Visual Studio Solution File, Format Version 12.00
# Visual Studio Version 17
VisualStudioVersion = 17.9.34723.18
MinimumVisualStudioVersion = 10.0.40219.1
Project("{FAE04EC0-301F-11D3-BF4B-00C04F79EFBC}") = "ejercicio 2024", "ejercicio 2024\ejercicio 2024.csproj", "{12CE0C78-4A40-4E25-AAA7-61ED1BD9999E}"
EndProject
Global
	GlobalSection(SolutionConfigurationPlatforms) = preSolution
		Debug|Any CPU = Debug|Any CPU
		Release|Any CPU = Release|Any CPU
	EndGlobalSection
	GlobalSection(ProjectConfigurationPlatforms) = postSolution
		{12CE0C78-4A40-4E25-AAA7-61ED1BD9999E}.Debug|Any CPU.ActiveCfg = Debug|Any CPU
		{12CE0C78-4A40-4E25-AAA7-61ED1BD9999E}.Debug|Any CPU.Build.0 = Debug|Any CPU
		{12CE0C78-4A40-4E25-AAA7-61ED1BD9999E}.Release|Any CPU.ActiveCfg = Release|Any CPU
		{12CE0C78-4A40-4E25-AAA7-61ED1BD9999E}.Release|Any CPU.Build.0 = Release|Any CPU
	EndGlobalSection
	GlobalSection(SolutionProperties) = preSolution
		HideSolutionNode = FALSE
	EndGlobalSection
	GlobalSection(ExtensibilityGlobals) = postSolution
		SolutionGuid = {C538E1A3-1CFD-4DA2-A890-5154E97B9BEA}
	EndGlobalSection
EndGlobal
