
Microsoft Visual Studio Solution File, Format Version 12.00
# Visual Studio Version 17
VisualStudioVersion = 17.9.34728.123
MinimumVisualStudioVersion = 10.0.40219.1
Project("{FAE04EC0-301F-11D3-BF4B-00C04F79EFBC}") = "Programacion2024", "Programacion2024\Programacion2024.csproj", "{6C364645-91B2-4173-84DB-9AE2461D3057}"
EndProject
Global
	GlobalSection(SolutionConfigurationPlatforms) = preSolution
		Debug|Any CPU = Debug|Any CPU
		Release|Any CPU = Release|Any CPU
	EndGlobalSection
	GlobalSection(ProjectConfigurationPlatforms) = postSolution
		{6C364645-91B2-4173-84DB-9AE2461D3057}.Debug|Any CPU.ActiveCfg = Debug|Any CPU
		{6C364645-91B2-4173-84DB-9AE2461D3057}.Debug|Any CPU.Build.0 = Debug|Any CPU
		{6C364645-91B2-4173-84DB-9AE2461D3057}.Release|Any CPU.ActiveCfg = Release|Any CPU
		{6C364645-91B2-4173-84DB-9AE2461D3057}.Release|Any CPU.Build.0 = Release|Any CPU
	EndGlobalSection
	GlobalSection(SolutionProperties) = preSolution
		HideSolutionNode = FALSE
	EndGlobalSection
	GlobalSection(ExtensibilityGlobals) = postSolution
		SolutionGuid = {4CD9DCAA-93E0-41B9-B6C8-1BA244158B5D}
	EndGlobalSection
EndGlobal
